
Microsoft Visual Studio Solution File, Format Version 12.00
# Visual Studio 15
VisualStudioVersion = 15.0.28010.2046
MinimumVisualStudioVersion = 10.0.40219.1
Project("{FAE04EC0-301F-11D3-BF4B-00C04F79EFBC}") = "OinkCash", "OinkCash\OinkCash.csproj", "{B4F77137-92E4-4EB3-8A19-C4A8A21E16AA}"
EndProject
Global
	GlobalSection(SolutionConfigurationPlatforms) = preSolution
		Debug|Any CPU = Debug|Any CPU
		Release|Any CPU = Release|Any CPU
	EndGlobalSection
	GlobalSection(ProjectConfigurationPlatforms) = postSolution
		{B4F77137-92E4-4EB3-8A19-C4A8A21E16AA}.Debug|Any CPU.ActiveCfg = Debug|Any CPU
		{B4F77137-92E4-4EB3-8A19-C4A8A21E16AA}.Debug|Any CPU.Build.0 = Debug|Any CPU
		{B4F77137-92E4-4EB3-8A19-C4A8A21E16AA}.Release|Any CPU.ActiveCfg = Release|Any CPU
		{B4F77137-92E4-4EB3-8A19-C4A8A21E16AA}.Release|Any CPU.Build.0 = Release|Any CPU
	EndGlobalSection
	GlobalSection(SolutionProperties) = preSolution
		HideSolutionNode = FALSE
	EndGlobalSection
	GlobalSection(ExtensibilityGlobals) = postSolution
		SolutionGuid = {17BE4E5C-8F14-4FDC-99D8-AE9D03C45CB2}
	EndGlobalSection
EndGlobal
